
Microsoft Visual Studio Solution File, Format Version 12.00
# Visual Studio Version 17
VisualStudioVersion = 17.0.31903.59
MinimumVisualStudioVersion = 10.0.40219.1
Project("{2150E333-8FDC-42A3-9474-1A3956D46DE8}") = "src", "src", "{CC063B96-DF3B-46C5-A672-AE608F3A4148}"
EndProject
Project("{FAE04EC0-301F-11D3-BF4B-00C04F79EFBC}") = "PinnacleScouting.App", "src\PinnacleScouting.App\PinnacleScouting.App.csproj", "{3A3D4B47-F085-4E11-8ED3-8AE15CFAEFA6}"
EndProject
Project("{FAE04EC0-301F-11D3-BF4B-00C04F79EFBC}") = "PinnacleScouting.Core", "src\PinnacleScouting.Core\PinnacleScouting.Core.csproj", "{449E66AA-814F-432C-873D-C1B943CCFE62}"
EndProject
Global
	GlobalSection(SolutionConfigurationPlatforms) = preSolution
		Debug|Any CPU = Debug|Any CPU
		Release|Any CPU = Release|Any CPU
	EndGlobalSection
	GlobalSection(SolutionProperties) = preSolution
		HideSolutionNode = FALSE
	EndGlobalSection
	GlobalSection(ProjectConfigurationPlatforms) = postSolution
		{3A3D4B47-F085-4E11-8ED3-8AE15CFAEFA6}.Debug|Any CPU.ActiveCfg = Debug|Any CPU
		{3A3D4B47-F085-4E11-8ED3-8AE15CFAEFA6}.Debug|Any CPU.Build.0 = Debug|Any CPU
		{3A3D4B47-F085-4E11-8ED3-8AE15CFAEFA6}.Release|Any CPU.ActiveCfg = Release|Any CPU
		{3A3D4B47-F085-4E11-8ED3-8AE15CFAEFA6}.Release|Any CPU.Build.0 = Release|Any CPU
		{449E66AA-814F-432C-873D-C1B943CCFE62}.Debug|Any CPU.ActiveCfg = Debug|Any CPU
		{449E66AA-814F-432C-873D-C1B943CCFE62}.Debug|Any CPU.Build.0 = Debug|Any CPU
		{449E66AA-814F-432C-873D-C1B943CCFE62}.Release|Any CPU.ActiveCfg = Release|Any CPU
		{449E66AA-814F-432C-873D-C1B943CCFE62}.Release|Any CPU.Build.0 = Release|Any CPU
	EndGlobalSection
	GlobalSection(NestedProjects) = preSolution
		{3A3D4B47-F085-4E11-8ED3-8AE15CFAEFA6} = {CC063B96-DF3B-46C5-A672-AE608F3A4148}
		{449E66AA-814F-432C-873D-C1B943CCFE62} = {CC063B96-DF3B-46C5-A672-AE608F3A4148}
	EndGlobalSection
EndGlobal
